// !$*UTF8*$!
{
	archiveVersion = 1;
	classes = {
	};
	objectVersion = 55;
	objects = {

/* Begin PBXBuildFile section */
		D0C63FC9278B01F90058C1B5 /* AppDelegate.swift in Sources */ = {isa = PBXBuildFile; fileRef = D0C63FC8278B01F90058C1B5 /* AppDelegate.swift */; };
		D0C63FCB278B01F90058C1B5 /* SceneDelegate.swift in Sources */ = {isa = PBXBuildFile; fileRef = D0C63FCA278B01F90058C1B5 /* SceneDelegate.swift */; };
		D0C63FCD278B01F90058C1B5 /* ViewController.swift in Sources */ = {isa = PBXBuildFile; fileRef = D0C63FCC278B01F90058C1B5 /* ViewController.swift */; };
		D0C63FD0278B01F90058C1B5 /* Main.storyboard in Resources */ = {isa = PBXBuildFile; fileRef = D0C63FCE278B01F90058C1B5 /* Main.storyboard */; };
		D0C63FD2278B01FA0058C1B5 /* Assets.xcassets in Resources */ = {isa = PBXBuildFile; fileRef = D0C63FD1278B01FA0058C1B5 /* Assets.xcassets */; };
		D0C63FD5278B01FA0058C1B5 /* LaunchScreen.storyboard in Resources */ = {isa = PBXBuildFile; fileRef = D0C63FD3278B01FA0058C1B5 /* LaunchScreen.storyboard */; };
		D0C63FE0278B01FA0058C1B5 /* VTBTests.swift in Sources */ = {isa = PBXBuildFile; fileRef = D0C63FDF278B01FA0058C1B5 /* VTBTests.swift */; };
		D0C63FEA278B01FA0058C1B5 /* VTBUITests.swift in Sources */ = {isa = PBXBuildFile; fileRef = D0C63FE9278B01FA0058C1B5 /* VTBUITests.swift */; };
		D0C63FEC278B01FA0058C1B5 /* VTBUITestsLaunchTests.swift in Sources */ = {isa = PBXBuildFile; fileRef = D0C63FEB278B01FA0058C1B5 /* VTBUITestsLaunchTests.swift */; };
/* End PBXBuildFile section */

/* Begin PBXContainerItemProxy section */
		D0C63FDC278B01FA0058C1B5 /* PBXContainerItemProxy */ = {
			isa = PBXContainerItemProxy;
			containerPortal = D0C63FBD278B01F90058C1B5 /* Project object */;
			proxyType = 1;
			remoteGlobalIDString = D0C63FC4278B01F90058C1B5;
			remoteInfo = VTB;
		};
		D0C63FE6278B01FA0058C1B5 /* PBXContainerItemProxy */ = {
			isa = PBXContainerItemProxy;
			containerPortal = D0C63FBD278B01F90058C1B5 /* Project object */;
			proxyType = 1;
			remoteGlobalIDString = D0C63FC4278B01F90058C1B5;
			remoteInfo = VTB;
		};
/* End PBXContainerItemProxy section */

/* Begin PBXFileReference section */
		D0C63FC5278B01F90058C1B5 /* VTB.app */ = {isa = PBXFileReference; explicitFileType = wrapper.application; includeInIndex = 0; path = VTB.app; sourceTree = BUILT_PRODUCTS_DIR; };
		D0C63FC8278B01F90058C1B5 /* AppDelegate.swift */ = {isa = PBXFileReference; lastKnownFileType = sourcecode.swift; path = AppDelegate.swift; sourceTree = "<group>"; };
		D0C63FCA278B01F90058C1B5 /* SceneDelegate.swift */ = {isa = PBXFileReference; lastKnownFileType = sourcecode.swift; path = SceneDelegate.swift; sourceTree = "<group>"; };
		D0C63FCC278B01F90058C1B5 /* ViewController.swift */ = {isa = PBXFileReference; lastKnownFileType = sourcecode.swift; path = ViewController.swift; sourceTree = "<group>"; };
		D0C63FCF278B01F90058C1B5 /* Base */ = {isa = PBXFileReference; lastKnownFileType = file.storyboard; name = Base; path = Base.lproj/Main.storyboard; sourceTree = "<group>"; };
		D0C63FD1278B01FA0058C1B5 /* Assets.xcassets */ = {isa = PBXFileReference; lastKnownFileType = folder.assetcatalog; path = Assets.xcassets; sourceTree = "<group>"; };
		D0C63FD4278B01FA0058C1B5 /* Base */ = {isa = PBXFileReference; lastKnownFileType = file.storyboard; name = Base; path = Base.lproj/LaunchScreen.storyboard; sourceTree = "<group>"; };
		D0C63FD6278B01FA0058C1B5 /* Info.plist */ = {isa = PBXFileReference; lastKnownFileType = text.plist.xml; path = Info.plist; sourceTree = "<group>"; };
		D0C63FDB278B01FA0058C1B5 /* VTBTests.xctest */ = {isa = PBXFileReference; explicitFileType = wrapper.cfbundle; includeInIndex = 0; path = VTBTests.xctest; sourceTree = BUILT_PRODUCTS_DIR; };
		D0C63FDF278B01FA0058C1B5 /* VTBTests.swift */ = {isa = PBXFileReference; lastKnownFileType = sourcecode.swift; path = VTBTests.swift; sourceTree = "<group>"; };
		D0C63FE5278B01FA0058C1B5 /* VTBUITests.xctest */ = {isa = PBXFileReference; explicitFileType = wrapper.cfbundle; includeInIndex = 0; path = VTBUITests.xctest; sourceTree = BUILT_PRODUCTS_DIR; };
		D0C63FE9278B01FA0058C1B5 /* VTBUITests.swift */ = {isa = PBXFileReference; lastKnownFileType = sourcecode.swift; path = VTBUITests.swift; sourceTree = "<group>"; };
		D0C63FEB278B01FA0058C1B5 /* VTBUITestsLaunchTests.swift */ = {isa = PBXFileReference; lastKnownFileType = sourcecode.swift; path = VTBUITestsLaunchTests.swift; sourceTree = "<group>"; };
/* End PBXFileReference section */

/* Begin PBXFrameworksBuildPhase section */
		D0C63FC2278B01F90058C1B5 /* Frameworks */ = {
			isa = PBXFrameworksBuildPhase;
			buildActionMask = 2147483647;
			files = (
			);
			runOnlyForDeploymentPostprocessing = 0;
		};
		D0C63FD8278B01FA0058C1B5 /* Frameworks */ = {
			isa = PBXFrameworksBuildPhase;
			buildActionMask = 2147483647;
			files = (
			);
			runOnlyForDeploymentPostprocessing = 0;
		};
		D0C63FE2278B01FA0058C1B5 /* Frameworks */ = {
			isa = PBXFrameworksBuildPhase;
			buildActionMask = 2147483647;
			files = (
			);
			runOnlyForDeploymentPostprocessing = 0;
		};
/* End PBXFrameworksBuildPhase section */

/* Begin PBXGroup section */
		D0C63FBC278B01F90058C1B5 = {
			isa = PBXGroup;
			children = (
				D0C63FC7278B01F90058C1B5 /* VTB */,
				D0C63FDE278B01FA0058C1B5 /* VTBTests */,
				D0C63FE8278B01FA0058C1B5 /* VTBUITests */,
				D0C63FC6278B01F90058C1B5 /* Products */,
			);
			sourceTree = "<group>";
		};
		D0C63FC6278B01F90058C1B5 /* Products */ = {
			isa = PBXGroup;
			children = (
				D0C63FC5278B01F90058C1B5 /* VTB.app */,
				D0C63FDB278B01FA0058C1B5 /* VTBTests.xctest */,
				D0C63FE5278B01FA0058C1B5 /* VTBUITests.xctest */,
			);
			name = Products;
			sourceTree = "<group>";
		};
		D0C63FC7278B01F90058C1B5 /* VTB */ = {
			isa = PBXGroup;
			children = (
				D0C63FC8278B01F90058C1B5 /* AppDelegate.swift */,
				D0C63FCA278B01F90058C1B5 /* SceneDelegate.swift */,
				D0C63FCC278B01F90058C1B5 /* ViewController.swift */,
				D0C63FCE278B01F90058C1B5 /* Main.storyboard */,
				D0C63FD1278B01FA0058C1B5 /* Assets.xcassets */,
				D0C63FD3278B01FA0058C1B5 /* LaunchScreen.storyboard */,
				D0C63FD6278B01FA0058C1B5 /* Info.plist */,
			);
			path = VTB;
			sourceTree = "<group>";
		};
		D0C63FDE278B01FA0058C1B5 /* VTBTests */ = {
			isa = PBXGroup;
			children = (
				D0C63FDF278B01FA0058C1B5 /* VTBTests.swift */,
			);
			path = VTBTests;
			sourceTree = "<group>";
		};
		D0C63FE8278B01FA0058C1B5 /* VTBUITests */ = {
			isa = PBXGroup;
			children = (
				D0C63FE9278B01FA0058C1B5 /* VTBUITests.swift */,
				D0C63FEB278B01FA0058C1B5 /* VTBUITestsLaunchTests.swift */,
			);
			path = VTBUITests;
			sourceTree = "<group>";
		};
/* End PBXGroup section */

/* Begin PBXNativeTarget section */
		D0C63FC4278B01F90058C1B5 /* VTB */ = {
			isa = PBXNativeTarget;
			buildConfigurationList = D0C63FEF278B01FA0058C1B5 /* Build configuration list for PBXNativeTarget "VTB" */;
			buildPhases = (
				D0C63FC1278B01F90058C1B5 /* Sources */,
				D0C63FC2278B01F90058C1B5 /* Frameworks */,
				D0C63FC3278B01F90058C1B5 /* Resources */,
			);
			buildRules = (
			);
			dependencies = (
			);
			name = VTB;
			productName = VTB;
			productReference = D0C63FC5278B01F90058C1B5 /* VTB.app */;
			productType = "com.apple.product-type.application";
		};
		D0C63FDA278B01FA0058C1B5 /* VTBTests */ = {
			isa = PBXNativeTarget;
			buildConfigurationList = D0C63FF2278B01FA0058C1B5 /* Build configuration list for PBXNativeTarget "VTBTests" */;
			buildPhases = (
				D0C63FD7278B01FA0058C1B5 /* Sources */,
				D0C63FD8278B01FA0058C1B5 /* Frameworks */,
				D0C63FD9278B01FA0058C1B5 /* Resources */,
			);
			buildRules = (
			);
			dependencies = (
				D0C63FDD278B01FA0058C1B5 /* PBXTargetDependency */,
			);
			name = VTBTests;
			productName = VTBTests;
			productReference = D0C63FDB278B01FA0058C1B5 /* VTBTests.xctest */;
			productType = "com.apple.product-type.bundle.unit-test";
		};
		D0C63FE4278B01FA0058C1B5 /* VTBUITests */ = {
			isa = PBXNativeTarget;
			buildConfigurationList = D0C63FF5278B01FA0058C1B5 /* Build configuration list for PBXNativeTarget "VTBUITests" */;
			buildPhases = (
				D0C63FE1278B01FA0058C1B5 /* Sources */,
				D0C63FE2278B01FA0058C1B5 /* Frameworks */,
				D0C63FE3278B01FA0058C1B5 /* Resources */,
			);
			buildRules = (
			);
			dependencies = (
				D0C63FE7278B01FA0058C1B5 /* PBXTargetDependency */,
			);
			name = VTBUITests;
			productName = VTBUITests;
			productReference = D0C63FE5278B01FA0058C1B5 /* VTBUITests.xctest */;
			productType = "com.apple.product-type.bundle.ui-testing";
		};
/* End PBXNativeTarget section */

/* Begin PBXProject section */
		D0C63FBD278B01F90058C1B5 /* Project object */ = {
			isa = PBXProject;
			attributes = {
				BuildIndependentTargetsInParallel = 1;
				LastSwiftUpdateCheck = 1320;
				LastUpgradeCheck = 1320;
				TargetAttributes = {
					D0C63FC4278B01F90058C1B5 = {
						CreatedOnToolsVersion = 13.2;
					};
					D0C63FDA278B01FA0058C1B5 = {
						CreatedOnToolsVersion = 13.2;
						TestTargetID = D0C63FC4278B01F90058C1B5;
					};
					D0C63FE4278B01FA0058C1B5 = {
						CreatedOnToolsVersion = 13.2;
						TestTargetID = D0C63FC4278B01F90058C1B5;
					};
				};
			};
			buildConfigurationList = D0C63FC0278B01F90058C1B5 /* Build configuration list for PBXProject "VTB" */;
			compatibilityVersion = "Xcode 13.0";
			developmentRegion = en;
			hasScannedForEncodings = 0;
			knownRegions = (
				en,
				Base,
			);
			mainGroup = D0C63FBC278B01F90058C1B5;
			productRefGroup = D0C63FC6278B01F90058C1B5 /* Products */;
			projectDirPath = "";
			projectRoot = "";
			targets = (
				D0C63FC4278B01F90058C1B5 /* VTB */,
				D0C63FDA278B01FA0058C1B5 /* VTBTests */,
				D0C63FE4278B01FA0058C1B5 /* VTBUITests */,
			);
		};
/* End PBXProject section */

/* Begin PBXResourcesBuildPhase section */
		D0C63FC3278B01F90058C1B5 /* Resources */ = {
			isa = PBXResourcesBuildPhase;
			buildActionMask = 2147483647;
			files = (
				D0C63FD5278B01FA0058C1B5 /* LaunchScreen.storyboard in Resources */,
				D0C63FD2278B01FA0058C1B5 /* Assets.xcassets in Resources */,
				D0C63FD0278B01F90058C1B5 /* Main.storyboard in Resources */,
			);
			runOnlyForDeploymentPostprocessing = 0;
		};
		D0C63FD9278B01FA0058C1B5 /* Resources */ = {
			isa = PBXResourcesBuildPhase;
			buildActionMask = 2147483647;
			files = (
			);
			runOnlyForDeploymentPostprocessing = 0;
		};
		D0C63FE3278B01FA0058C1B5 /* Resources */ = {
			isa = PBXResourcesBuildPhase;
			buildActionMask = 2147483647;
			files = (
			);
			runOnlyForDeploymentPostprocessing = 0;
		};
/* End PBXResourcesBuildPhase section */

/* Begin PBXSourcesBuildPhase section */
		D0C63FC1278B01F90058C1B5 /* Sources */ = {
			isa = PBXSourcesBuildPhase;
			buildActionMask = 2147483647;
			files = (
				D0C63FCD278B01F90058C1B5 /* ViewController.swift in Sources */,
				D0C63FC9278B01F90058C1B5 /* AppDelegate.swift in Sources */,
				D0C63FCB278B01F90058C1B5 /* SceneDelegate.swift in Sources */,
			);
			runOnlyForDeploymentPostprocessing = 0;
		};
		D0C63FD7278B01FA0058C1B5 /* Sources */ = {
			isa = PBXSourcesBuildPhase;
			buildActionMask = 2147483647;
			files = (
				D0C63FE0278B01FA0058C1B5 /* VTBTests.swift in Sources */,
			);
			runOnlyForDeploymentPostprocessing = 0;
		};
		D0C63FE1278B01FA0058C1B5 /* Sources */ = {
			isa = PBXSourcesBuildPhase;
			buildActionMask = 2147483647;
			files = (
				D0C63FEA278B01FA0058C1B5 /* VTBUITests.swift in Sources */,
				D0C63FEC278B01FA0058C1B5 /* VTBUITestsLaunchTests.swift in Sources */,
			);
			runOnlyForDeploymentPostprocessing = 0;
		};
/* End PBXSourcesBuildPhase section */

/* Begin PBXTargetDependency section */
		D0C63FDD278B01FA0058C1B5 /* PBXTargetDependency */ = {
			isa = PBXTargetDependency;
			target = D0C63FC4278B01F90058C1B5 /* VTB */;
			targetProxy = D0C63FDC278B01FA0058C1B5 /* PBXContainerItemProxy */;
		};
		D0C63FE7278B01FA0058C1B5 /* PBXTargetDependency */ = {
			isa = PBXTargetDependency;
			target = D0C63FC4278B01F90058C1B5 /* VTB */;
			targetProxy = D0C63FE6278B01FA0058C1B5 /* PBXContainerItemProxy */;
		};
/* End PBXTargetDependency section */

/* Begin PBXVariantGroup section */
		D0C63FCE278B01F90058C1B5 /* Main.storyboard */ = {
			isa = PBXVariantGroup;
			children = (
				D0C63FCF278B01F90058C1B5 /* Base */,
			);
			name = Main.storyboard;
			sourceTree = "<group>";
		};
		D0C63FD3278B01FA0058C1B5 /* LaunchScreen.storyboard */ = {
			isa = PBXVariantGroup;
			children = (
				D0C63FD4278B01FA0058C1B5 /* Base */,
			);
			name = LaunchScreen.storyboard;
			sourceTree = "<group>";
		};
/* End PBXVariantGroup section */

/* Begin XCBuildConfiguration section */
		D0C63FED278B01FA0058C1B5 /* Debug */ = {
			isa = XCBuildConfiguration;
			buildSettings = {
				ALWAYS_SEARCH_USER_PATHS = NO;
				CLANG_ANALYZER_NONNULL = YES;
				CLANG_ANALYZER_NUMBER_OBJECT_CONVERSION = YES_AGGRESSIVE;
				CLANG_CXX_LANGUAGE_STANDARD = "gnu++17";
				CLANG_CXX_LIBRARY = "libc++";
				CLANG_ENABLE_MODULES = YES;
				CLANG_ENABLE_OBJC_ARC = YES;
				CLANG_ENABLE_OBJC_WEAK = YES;
				CLANG_WARN_BLOCK_CAPTURE_AUTORELEASING = YES;
				CLANG_WARN_BOOL_CONVERSION = YES;
				CLANG_WARN_COMMA = YES;
				CLANG_WARN_CONSTANT_CONVERSION = YES;
				CLANG_WARN_DEPRECATED_OBJC_IMPLEMENTATIONS = YES;
				CLANG_WARN_DIRECT_OBJC_ISA_USAGE = YES_ERROR;
				CLANG_WARN_DOCUMENTATION_COMMENTS = YES;
				CLANG_WARN_EMPTY_BODY = YES;
				CLANG_WARN_ENUM_CONVERSION = YES;
				CLANG_WARN_INFINITE_RECURSION = YES;
				CLANG_WARN_INT_CONVERSION = YES;
				CLANG_WARN_NON_LITERAL_NULL_CONVERSION = YES;
				CLANG_WARN_OBJC_IMPLICIT_RETAIN_SELF = YES;
				CLANG_WARN_OBJC_LITERAL_CONVERSION = YES;
				CLANG_WARN_OBJC_ROOT_CLASS = YES_ERROR;
				CLANG_WARN_QUOTED_INCLUDE_IN_FRAMEWORK_HEADER = YES;
				CLANG_WARN_RANGE_LOOP_ANALYSIS = YES;
				CLANG_WARN_STRICT_PROTOTYPES = YES;
				CLANG_WARN_SUSPICIOUS_MOVE = YES;
				CLANG_WARN_UNGUARDED_AVAILABILITY = YES_AGGRESSIVE;
				CLANG_WARN_UNREACHABLE_CODE = YES;
				CLANG_WARN__DUPLICATE_METHOD_MATCH = YES;
				COPY_PHASE_STRIP = NO;
				DEBUG_INFORMATION_FORMAT = dwarf;
				ENABLE_STRICT_OBJC_MSGSEND = YES;
				ENABLE_TESTABILITY = YES;
				GCC_C_LANGUAGE_STANDARD = gnu11;
				GCC_DYNAMIC_NO_PIC = NO;
				GCC_NO_COMMON_BLOCKS = YES;
				GCC_OPTIMIZATION_LEVEL = 0;
				GCC_PREPROCESSOR_DEFINITIONS = (
					"DEBUG=1",
					"$(inherited)",
				);
				GCC_WARN_64_TO_32_BIT_CONVERSION = YES;
				GCC_WARN_ABOUT_RETURN_TYPE = YES_ERROR;
				GCC_WARN_UNDECLARED_SELECTOR = YES;
				GCC_WARN_UNINITIALIZED_AUTOS = YES_AGGRESSIVE;
				GCC_WARN_UNUSED_FUNCTION = YES;
				GCC_WARN_UNUSED_VARIABLE = YES;
				IPHONEOS_DEPLOYMENT_TARGET = 15.2;
				MTL_ENABLE_DEBUG_INFO = INCLUDE_SOURCE;
				MTL_FAST_MATH = YES;
				ONLY_ACTIVE_ARCH = YES;
				SDKROOT = iphoneos;
				SWIFT_ACTIVE_COMPILATION_CONDITIONS = DEBUG;
				SWIFT_OPTIMIZATION_LEVEL = "-Onone";
			};
			name = Debug;
		};
		D0C63FEE278B01FA0058C1B5 /* Release */ = {
			isa = XCBuildConfiguration;
			buildSettings = {
				ALWAYS_SEARCH_USER_PATHS = NO;
				CLANG_ANALYZER_NONNULL = YES;
				CLANG_ANALYZER_NUMBER_OBJECT_CONVERSION = YES_AGGRESSIVE;
				CLANG_CXX_LANGUAGE_STANDARD = "gnu++17";
				CLANG_CXX_LIBRARY = "libc++";
				CLANG_ENABLE_MODULES = YES;
				CLANG_ENABLE_OBJC_ARC = YES;
				CLANG_ENABLE_OBJC_WEAK = YES;
				CLANG_WARN_BLOCK_CAPTURE_AUTORELEASING = YES;
				CLANG_WARN_BOOL_CONVERSION = YES;
				CLANG_WARN_COMMA = YES;
				CLANG_WARN_CONSTANT_CONVERSION = YES;
				CLANG_WARN_DEPRECATED_OBJC_IMPLEMENTATIONS = YES;
				CLANG_WARN_DIRECT_OBJC_ISA_USAGE = YES_ERROR;
				CLANG_WARN_DOCUMENTATION_COMMENTS = YES;
				CLANG_WARN_EMPTY_BODY = YES;
				CLANG_WARN_ENUM_CONVERSION = YES;
				CLANG_WARN_INFINITE_RECURSION = YES;
				CLANG_WARN_INT_CONVERSION = YES;
				CLANG_WARN_NON_LITERAL_NULL_CONVERSION = YES;
				CLANG_WARN_OBJC_IMPLICIT_RETAIN_SELF = YES;
				CLANG_WARN_OBJC_LITERAL_CONVERSION = YES;
				CLANG_WARN_OBJC_ROOT_CLASS = YES_ERROR;
				CLANG_WARN_QUOTED_INCLUDE_IN_FRAMEWORK_HEADER = YES;
				CLANG_WARN_RANGE_LOOP_ANALYSIS = YES;
				CLANG_WARN_STRICT_PROTOTYPES = YES;
				CLANG_WARN_SUSPICIOUS_MOVE = YES;
				CLANG_WARN_UNGUARDED_AVAILABILITY = YES_AGGRESSIVE;
				CLANG_WARN_UNREACHABLE_CODE = YES;
				CLANG_WARN__DUPLICATE_METHOD_MATCH = YES;
				COPY_PHASE_STRIP = NO;
				DEBUG_INFORMATION_FORMAT = "dwarf-with-dsym";
				ENABLE_NS_ASSERTIONS = NO;
				ENABLE_STRICT_OBJC_MSGSEND = YES;
				GCC_C_LANGUAGE_STANDARD = gnu11;
				GCC_NO_COMMON_BLOCKS = YES;
				GCC_WARN_64_TO_32_BIT_CONVERSION = YES;
				GCC_WARN_ABOUT_RETURN_TYPE = YES_ERROR;
				GCC_WARN_UNDECLARED_SELECTOR = YES;
				GCC_WARN_UNINITIALIZED_AUTOS = YES_AGGRESSIVE;
				GCC_WARN_UNUSED_FUNCTION = YES;
				GCC_WARN_UNUSED_VARIABLE = YES;
				IPHONEOS_DEPLOYMENT_TARGET = 15.2;
				MTL_ENABLE_DEBUG_INFO = NO;
				MTL_FAST_MATH = YES;
				SDKROOT = iphoneos;
				SWIFT_COMPILATION_MODE = wholemodule;
				SWIFT_OPTIMIZATION_LEVEL = "-O";
				VALIDATE_PRODUCT = YES;
			};
			name = Release;
		};
		D0C63FF0278B01FA0058C1B5 /* Debug */ = {
			isa = XCBuildConfiguration;
			buildSettings = {
				ASSETCATALOG_COMPILER_APPICON_NAME = AppIcon;
				ASSETCATALOG_COMPILER_GLOBAL_ACCENT_COLOR_NAME = AccentColor;
				CODE_SIGN_STYLE = Automatic;
				CURRENT_PROJECT_VERSION = 1;
				DEVELOPMENT_TEAM = B73MLHFVR9;
				GENERATE_INFOPLIST_FILE = YES;
				INFOPLIST_FILE = VTB/Info.plist;
				INFOPLIST_KEY_UIApplicationSupportsIndirectInputEvents = YES;
				INFOPLIST_KEY_UILaunchStoryboardName = LaunchScreen;
				INFOPLIST_KEY_UIMainStoryboardFile = Main;
				INFOPLIST_KEY_UISupportedInterfaceOrientations_iPad = "UIInterfaceOrientationPortrait UIInterfaceOrientationPortraitUpsideDown UIInterfaceOrientationLandscapeLeft UIInterfaceOrientationLandscapeRight";
				INFOPLIST_KEY_UISupportedInterfaceOrientations_iPhone = "UIInterfaceOrientationPortrait UIInterfaceOrientationLandscapeLeft UIInterfaceOrientationLandscapeRight";
				LD_RUNPATH_SEARCH_PATHS = (
					"$(inherited)",
					"@executable_path/Frameworks",
				);
				MARKETING_VERSION = 1.0;
				PRODUCT_BUNDLE_IDENTIFIER = com.test.ilin.VTB;
				PRODUCT_NAME = "$(TARGET_NAME)";
				SWIFT_EMIT_LOC_STRINGS = YES;
				SWIFT_VERSION = 5.0;
				TARGETED_DEVICE_FAMILY = "1,2";
			};
			name = Debug;
		};
		D0C63FF1278B01FA0058C1B5 /* Release */ = {
			isa = XCBuildConfiguration;
			buildSettings = {
				ASSETCATALOG_COMPILER_APPICON_NAME = AppIcon;
				ASSETCATALOG_COMPILER_GLOBAL_ACCENT_COLOR_NAME = AccentColor;
				CODE_SIGN_STYLE = Automatic;
				CURRENT_PROJECT_VERSION = 1;
				DEVELOPMENT_TEAM = B73MLHFVR9;
				GENERATE_INFOPLIST_FILE = YES;
				INFOPLIST_FILE = VTB/Info.plist;
				INFOPLIST_KEY_UIApplicationSupportsIndirectInputEvents = YES;
				INFOPLIST_KEY_UILaunchStoryboardName = LaunchScreen;
				INFOPLIST_KEY_UIMainStoryboardFile = Main;
				INFOPLIST_KEY_UISupportedInterfaceOrientations_iPad = "UIInterfaceOrientationPortrait UIInterfaceOrientationPortraitUpsideDown UIInterfaceOrientationLandscapeLeft UIInterfaceOrientationLandscapeRight";
				INFOPLIST_KEY_UISupportedInterfaceOrientations_iPhone = "UIInterfaceOrientationPortrait UIInterfaceOrientationLandscapeLeft UIInterfaceOrientationLandscapeRight";
				LD_RUNPATH_SEARCH_PATHS = (
					"$(inherited)",
					"@executable_path/Frameworks",
				);
				MARKETING_VERSION = 1.0;
				PRODUCT_BUNDLE_IDENTIFIER = com.test.ilin.VTB;
				PRODUCT_NAME = "$(TARGET_NAME)";
				SWIFT_EMIT_LOC_STRINGS = YES;
				SWIFT_VERSION = 5.0;
				TARGETED_DEVICE_FAMILY = "1,2";
			};
			name = Release;
		};
		D0C63FF3278B01FA0058C1B5 /* Debug */ = {
			isa = XCBuildConfiguration;
			buildSettings = {
				ALWAYS_EMBED_SWIFT_STANDARD_LIBRARIES = YES;
				BUNDLE_LOADER = "$(TEST_HOST)";
				CODE_SIGN_STYLE = Automatic;
				CURRENT_PROJECT_VERSION = 1;
				DEVELOPMENT_TEAM = B73MLHFVR9;
				GENERATE_INFOPLIST_FILE = YES;
				IPHONEOS_DEPLOYMENT_TARGET = 15.2;
				MARKETING_VERSION = 1.0;
				PRODUCT_BUNDLE_IDENTIFIER = com.test.ilin.VTBTests;
				PRODUCT_NAME = "$(TARGET_NAME)";
				SWIFT_EMIT_LOC_STRINGS = NO;
				SWIFT_VERSION = 5.0;
				TARGETED_DEVICE_FAMILY = "1,2";
				TEST_HOST = "$(BUILT_PRODUCTS_DIR)/VTB.app/VTB";
			};
			name = Debug;
		};
		D0C63FF4278B01FA0058C1B5 /* Release */ = {
			isa = XCBuildConfiguration;
			buildSettings = {
				ALWAYS_EMBED_SWIFT_STANDARD_LIBRARIES = YES;
				BUNDLE_LOADER = "$(TEST_HOST)";
				CODE_SIGN_STYLE = Automatic;
				CURRENT_PROJECT_VERSION = 1;
				DEVELOPMENT_TEAM = B73MLHFVR9;
				GENERATE_INFOPLIST_FILE = YES;
				IPHONEOS_DEPLOYMENT_TARGET = 15.2;
				MARKETING_VERSION = 1.0;
				PRODUCT_BUNDLE_IDENTIFIER = com.test.ilin.VTBTests;
				PRODUCT_NAME = "$(TARGET_NAME)";
				SWIFT_EMIT_LOC_STRINGS = NO;
				SWIFT_VERSION = 5.0;
				TARGETED_DEVICE_FAMILY = "1,2";
				TEST_HOST = "$(BUILT_PRODUCTS_DIR)/VTB.app/VTB";
			};
			name = Release;
		};
		D0C63FF6278B01FA0058C1B5 /* Debug */ = {
			isa = XCBuildConfiguration;
			buildSettings = {
				ALWAYS_EMBED_SWIFT_STANDARD_LIBRARIES = YES;
				CODE_SIGN_STYLE = Automatic;
				CURRENT_PROJECT_VERSION = 1;
				DEVELOPMENT_TEAM = B73MLHFVR9;
				GENERATE_INFOPLIST_FILE = YES;
				MARKETING_VERSION = 1.0;
				PRODUCT_BUNDLE_IDENTIFIER = com.test.ilin.VTBUITests;
				PRODUCT_NAME = "$(TARGET_NAME)";
				SWIFT_EMIT_LOC_STRINGS = NO;
				SWIFT_VERSION = 5.0;
				TARGETED_DEVICE_FAMILY = "1,2";
				TEST_TARGET_NAME = VTB;
			};
			name = Debug;
		};
		D0C63FF7278B01FA0058C1B5 /* Release */ = {
			isa = XCBuildConfiguration;
			buildSettings = {
				ALWAYS_EMBED_SWIFT_STANDARD_LIBRARIES = YES;
				CODE_SIGN_STYLE = Automatic;
				CURRENT_PROJECT_VERSION = 1;
				DEVELOPMENT_TEAM = B73MLHFVR9;
				GENERATE_INFOPLIST_FILE = YES;
				MARKETING_VERSION = 1.0;
				PRODUCT_BUNDLE_IDENTIFIER = com.test.ilin.VTBUITests;
				PRODUCT_NAME = "$(TARGET_NAME)";
				SWIFT_EMIT_LOC_STRINGS = NO;
				SWIFT_VERSION = 5.0;
				TARGETED_DEVICE_FAMILY = "1,2";
				TEST_TARGET_NAME = VTB;
			};
			name = Release;
		};
/* End XCBuildConfiguration section */

/* Begin XCConfigurationList section */
		D0C63FC0278B01F90058C1B5 /* Build configuration list for PBXProject "VTB" */ = {
			isa = XCConfigurationList;
			buildConfigurations = (
				D0C63FED278B01FA0058C1B5 /* Debug */,
				D0C63FEE278B01FA0058C1B5 /* Release */,
			);
			defaultConfigurationIsVisible = 0;
			defaultConfigurationName = Release;
		};
		D0C63FEF278B01FA0058C1B5 /* Build configuration list for PBXNativeTarget "VTB" */ = {
			isa = XCConfigurationList;
			buildConfigurations = (
				D0C63FF0278B01FA0058C1B5 /* Debug */,
				D0C63FF1278B01FA0058C1B5 /* Release */,
			);
			defaultConfigurationIsVisible = 0;
			defaultConfigurationName = Release;
		};
		D0C63FF2278B01FA0058C1B5 /* Build configuration list for PBXNativeTarget "VTBTests" */ = {
			isa = XCConfigurationList;
			buildConfigurations = (
				D0C63FF3278B01FA0058C1B5 /* Debug */,
				D0C63FF4278B01FA0058C1B5 /* Release */,
			);
			defaultConfigurationIsVisible = 0;
			defaultConfigurationName = Release;
		};
		D0C63FF5278B01FA0058C1B5 /* Build configuration list for PBXNativeTarget "VTBUITests" */ = {
			isa = XCConfigurationList;
			buildConfigurations = (
				D0C63FF6278B01FA0058C1B5 /* Debug */,
				D0C63FF7278B01FA0058C1B5 /* Release */,
			);
			defaultConfigurationIsVisible = 0;
			defaultConfigurationName = Release;
		};
/* End XCConfigurationList section */
	};
	rootObject = D0C63FBD278B01F90058C1B5 /* Project object */;
}
